
Microsoft Visual Studio Solution File, Format Version 12.00
# Visual Studio Version 17
VisualStudioVersion = 17.8.34330.188
MinimumVisualStudioVersion = 10.0.40219.1
Project("{FAE04EC0-301F-11D3-BF4B-00C04F79EFBC}") = "ImageGalleryReact.Server", "ImageGalleryReact.Server\ImageGalleryReact.Server.csproj", "{23D89BEC-3523-4DBE-B38F-3E6347148F31}"
EndProject
Project("{54A90642-561A-4BB1-A94E-469ADEE60C69}") = "imagegalleryreact.client", "imagegalleryreact.client\imagegalleryreact.client.esproj", "{0CA394BA-99BD-48E5-964C-FA89F56A9D4A}"
EndProject
Global
	GlobalSection(SolutionConfigurationPlatforms) = preSolution
		Debug|Any CPU = Debug|Any CPU
		Release|Any CPU = Release|Any CPU
	EndGlobalSection
	GlobalSection(ProjectConfigurationPlatforms) = postSolution
		{23D89BEC-3523-4DBE-B38F-3E6347148F31}.Debug|Any CPU.ActiveCfg = Debug|Any CPU
		{23D89BEC-3523-4DBE-B38F-3E6347148F31}.Debug|Any CPU.Build.0 = Debug|Any CPU
		{23D89BEC-3523-4DBE-B38F-3E6347148F31}.Release|Any CPU.ActiveCfg = Release|Any CPU
		{23D89BEC-3523-4DBE-B38F-3E6347148F31}.Release|Any CPU.Build.0 = Release|Any CPU
		{0CA394BA-99BD-48E5-964C-FA89F56A9D4A}.Debug|Any CPU.ActiveCfg = Debug|Any CPU
		{0CA394BA-99BD-48E5-964C-FA89F56A9D4A}.Debug|Any CPU.Build.0 = Debug|Any CPU
		{0CA394BA-99BD-48E5-964C-FA89F56A9D4A}.Debug|Any CPU.Deploy.0 = Debug|Any CPU
		{0CA394BA-99BD-48E5-964C-FA89F56A9D4A}.Release|Any CPU.ActiveCfg = Release|Any CPU
		{0CA394BA-99BD-48E5-964C-FA89F56A9D4A}.Release|Any CPU.Build.0 = Release|Any CPU
		{0CA394BA-99BD-48E5-964C-FA89F56A9D4A}.Release|Any CPU.Deploy.0 = Release|Any CPU
	EndGlobalSection
	GlobalSection(SolutionProperties) = preSolution
		HideSolutionNode = FALSE
	EndGlobalSection
	GlobalSection(ExtensibilityGlobals) = postSolution
		SolutionGuid = {E063CEFB-CC9C-4E81-9F46-99B6E53BC68B}
	EndGlobalSection
EndGlobal
